{
  "name": "stellar-dependencies",
  "version": "1.0.0",
  "lockfileVersion": 1,
  "requires": true,
  "dependencies": {
    "@sailshq/lodash": {
      "version": "3.10.4",
      "resolved": "https://registry.npmjs.org/@sailshq/lodash/-/lodash-3.10.4.tgz",
      "integrity": "sha512-YXJqp9gdHcZKAmBY/WnwFpPtNQp2huD/ME2YMurH2YHJvxrVzYsmpKw/pb7yINArRpp8E++fwbQd3ajYXGA45Q=="
    },
    "anchor": {
      "version": "1.4.0",
      "resolved": "https://registry.npmjs.org/anchor/-/anchor-1.4.0.tgz",
      "integrity": "sha512-xEu0UWxNa3p5v3MmXN9id5tsMSiniCyzWamf/R3KRkJieSRdXdAWu0Z+tXIpDZbbVLWZSMnD1VEguuYX2s9xag==",
      "requires": {
        "@sailshq/lodash": "^3.10.2",
        "validator": "5.7.0"
      }
    },
    "async": {
      "version": "2.0.1",
      "resolved": "https://registry.npmjs.org/async/-/async-2.0.1.tgz",
      "integrity": "sha1-twnMAoCpw28J9FNr6CPIOKkEniU=",
      "requires": {
        "lodash": "^4.8.0"
      }
    },
    "bluebird": {
      "version": "3.2.1",
      "resolved": "https://registry.npmjs.org/bluebird/-/bluebird-3.2.1.tgz",
      "integrity": "sha1-POzzUEkEwwzj55wXCHfok6EZEP0="
    },
    "bson": {
      "version": "1.0.9",
      "resolved": "https://registry.npmjs.org/bson/-/bson-1.0.9.tgz",
      "integrity": "sha512-IQX9/h7WdMBIW/q/++tGd+emQr0XMdeZ6icnT/74Xk9fnabWn+gZgpE+9V+gujL3hhJOoNrnDVY7tWdzc7NUTg=="
    },
    "buffer-shims": {
      "version": "1.0.0",
      "resolved": "https://registry.npmjs.org/buffer-shims/-/buffer-shims-1.0.0.tgz",
      "integrity": "sha1-mXjOMXOIxkmth5MCjDR37wRKi1E="
    },
    "core-util-is": {
      "version": "1.0.2",
      "resolved": "https://registry.npmjs.org/core-util-is/-/core-util-is-1.0.2.tgz",
      "integrity": "sha1-tf1UIgqivFq1eqtxQMlAdUUDwac="
    },
    "es6-promise": {
      "version": "3.2.1",
      "resolved": "https://registry.npmjs.org/es6-promise/-/es6-promise-3.2.1.tgz",
      "integrity": "sha1-7FYjOGgDKQkgcXDDlEjiREndH8Q="
    },
    "flaverr": {
      "version": "1.1.1",
      "resolved": "https://registry.npmjs.org/flaverr/-/flaverr-1.1.1.tgz",
      "integrity": "sha1-x9XWD5HB/S8DOwZr7NovSHNsFv8=",
      "requires": {
        "@sailshq/lodash": "^3.10.2"
      }
    },
    "inherits": {
      "version": "2.0.4",
      "resolved": "https://registry.npmjs.org/inherits/-/inherits-2.0.4.tgz",
      "integrity": "sha512-k/vGaX4/Yla3WzyMCvTQOXYeIHvqOKtnqBduzTHpzpQZzAskKMhZ2K+EnBiSM9zGSoIFeMpXKxa4dYeZIQqewQ=="
    },
    "isarray": {
      "version": "1.0.0",
      "resolved": "https://registry.npmjs.org/isarray/-/isarray-1.0.0.tgz",
      "integrity": "sha1-u5NdSFgsuhaMBoNJV6VKPgcSTxE="
    },
    "lodash": {
      "version": "4.17.20",
      "resolved": "https://registry.npmjs.org/lodash/-/lodash-4.17.20.tgz",
      "integrity": "sha512-PlhdFcillOINfeV7Ni6oF1TAEayyZBoZ8bcshTHqOYJYlrqzRK5hagpagky5o4HfCzzd1TRkXPMFq6cKk9rGmA=="
    },
    "machine": {
      "version": "15.2.2",
      "resolved": "https://registry.npmjs.org/machine/-/machine-15.2.2.tgz",
      "integrity": "sha512-gXA/U4bjMyQd2QPw8i+AxzXEDkQBImQVE2P7mmTmXPcfszT+NJc5Me0I1Tn6Fj8zsO5EsmsFxD8Xdia751ik/w==",
      "requires": {
        "@sailshq/lodash": "^3.10.2",
        "anchor": "^1.2.0",
        "flaverr": "^1.7.0",
        "parley": "^3.8.0",
        "rttc": "^10.0.0-3"
      },
      "dependencies": {
        "flaverr": {
          "version": "1.10.0",
          "resolved": "https://registry.npmjs.org/flaverr/-/flaverr-1.10.0.tgz",
          "integrity": "sha512-POaguCzNjWKEKsBkks4YGgNv1LVUqTX4MTudca5ArQAxtBrPswQLAW8la4Hbo0EZy9tpU3a9WwsKdAACqZnE/Q==",
          "requires": {
            "@sailshq/lodash": "^3.10.2"
          }
        }
      }
    },
    "mongodb": {
      "version": "2.2.25",
      "resolved": "https://registry.npmjs.org/mongodb/-/mongodb-2.2.25.tgz",
      "integrity": "sha1-07JdrQDtor38vJliELoIKsaGprY=",
      "requires": {
        "es6-promise": "3.2.1",
        "mongodb-core": "2.1.9",
        "readable-stream": "2.1.5"
      }
    },
    "mongodb-core": {
      "version": "2.1.9",
      "resolved": "https://registry.npmjs.org/mongodb-core/-/mongodb-core-2.1.9.tgz",
      "integrity": "sha1-hapx7k+3FhluBreHVXvxOfgB2vU=",
      "requires": {
        "bson": "~1.0.4",
        "require_optional": "~1.0.0"
      }
    },
    "parley": {
      "version": "3.8.3",
      "resolved": "https://registry.npmjs.org/parley/-/parley-3.8.3.tgz",
      "integrity": "sha512-9fSqT4J0jRNh+F/5EAqZvUSq232xjFXZJ3rXgKUXbIUUZ0ZPj6VjW83mI5UpVP8PMGHF3I8xycmvNjs9nQ3O8g==",
      "requires": {
        "@sailshq/lodash": "^3.10.2",
        "bluebird": "3.2.1",
        "flaverr": "^1.5.1"
      },
      "dependencies": {
        "flaverr": {
          "version": "1.10.0",
          "resolved": "https://registry.npmjs.org/flaverr/-/flaverr-1.10.0.tgz",
          "integrity": "sha512-POaguCzNjWKEKsBkks4YGgNv1LVUqTX4MTudca5ArQAxtBrPswQLAW8la4Hbo0EZy9tpU3a9WwsKdAACqZnE/Q==",
          "requires": {
            "@sailshq/lodash": "^3.10.2"
          }
        }
      }
    },
    "process-nextick-args": {
      "version": "1.0.7",
      "resolved": "https://registry.npmjs.org/process-nextick-args/-/process-nextick-args-1.0.7.tgz",
      "integrity": "sha1-FQ4gt1ZZCtP5EJPyWk8q2L/zC6M="
    },
    "qs": {
      "version": "6.4.0",
      "resolved": "https://registry.npmjs.org/qs/-/qs-6.4.0.tgz",
      "integrity": "sha1-E+JtKK1rD/qpExLNO/cI7TUecjM="
    },
    "readable-stream": {
      "version": "2.1.5",
      "resolved": "https://registry.npmjs.org/readable-stream/-/readable-stream-2.1.5.tgz",
      "integrity": "sha1-ZvqLcg4UOLNkaB8q0aY8YYRIydA=",
      "requires": {
        "buffer-shims": "^1.0.0",
        "core-util-is": "~1.0.0",
        "inherits": "~2.0.1",
        "isarray": "~1.0.0",
        "process-nextick-args": "~1.0.6",
        "string_decoder": "~0.10.x",
        "util-deprecate": "~1.0.1"
      }
    },
    "require_optional": {
      "version": "1.0.1",
      "resolved": "https://registry.npmjs.org/require_optional/-/require_optional-1.0.1.tgz",
      "integrity": "sha512-qhM/y57enGWHAe3v/NcwML6a3/vfESLe/sGM2dII+gEO0BpKRUkWZow/tyloNqJyN6kXSl3RyyM8Ll5D/sJP8g==",
      "requires": {
        "resolve-from": "^2.0.0",
        "semver": "^5.1.0"
      }
    },
    "resolve-from": {
      "version": "2.0.0",
      "resolved": "https://registry.npmjs.org/resolve-from/-/resolve-from-2.0.0.tgz",
      "integrity": "sha1-lICrIOlP+h2egKgEx+oUdhGWa1c="
    },
    "rttc": {
      "version": "10.0.1",
      "resolved": "https://registry.npmjs.org/rttc/-/rttc-10.0.1.tgz",
      "integrity": "sha512-wBsGNVaZ8K1qG0n5jxQ7dnOpvpewyQHGIjbMFYx8D16+51MM+FwkZwDPgH4GtnaTSzrNvrJriXFyvDi7OTZQ0A==",
      "requires": {
        "@sailshq/lodash": "^3.10.2"
      }
    },
    "sails-mongo": {
      "version": "1.2.0",
      "resolved": "https://registry.npmjs.org/sails-mongo/-/sails-mongo-1.2.0.tgz",
      "integrity": "sha512-waDWSWM1hOLsiAJ+/eJoMKU9xcMs2yaIfZfnX9p9IV0uU3o75xa5RbY+YZLoN+E20XpfFCCzZBgzvcH02t8uZQ==",
      "requires": {
        "@sailshq/lodash": "^3.10.2",
        "async": "2.0.1",
        "flaverr": "1.1.1",
        "machine": "^15.0.0",
        "mongodb": "2.2.25",
        "qs": "6.4.0"
      }
    },
    "semver": {
      "version": "5.7.1",
      "resolved": "https://registry.npmjs.org/semver/-/semver-5.7.1.tgz",
      "integrity": "sha512-sauaDf/PZdVgrLTNYHRtpXa1iRiKcaebiKQ1BJdpQlWH2lCvexQdX55snPFyK7QzpudqbCI0qXFfOasHdyNDGQ=="
    },
    "string_decoder": {
      "version": "0.10.31",
      "resolved": "https://registry.npmjs.org/string_decoder/-/string_decoder-0.10.31.tgz",
      "integrity": "sha1-YuIDvEF2bGwoyfyEMB2rHFMQ+pQ="
    },
    "util-deprecate": {
      "version": "1.0.2",
      "resolved": "https://registry.npmjs.org/util-deprecate/-/util-deprecate-1.0.2.tgz",
      "integrity": "sha1-RQ1Nyfpw3nMnYvvS1KKJgUGaDM8="
    },
    "validator": {
      "version": "5.7.0",
      "resolved": "https://registry.npmjs.org/validator/-/validator-5.7.0.tgz",
      "integrity": "sha1-eoelgUa2laxIYHEUHAxJ1n2gXlw="
    }
  }
}
